
Microsoft Visual Studio Solution File, Format Version 12.00
# Visual Studio 2013
VisualStudioVersion = 12.0.30723.0
MinimumVisualStudioVersion = 10.0.40219.1
Project("{FAE04EC0-301F-11D3-BF4B-00C04F79EFBC}") = "Grafic", "Графіки фунцій\Grafic.csproj", "{CF8DB904-A83F-4A4E-A3E1-0260C0E2842D}"
EndProject
Project("{FAE04EC0-301F-11D3-BF4B-00C04F79EFBC}") = "RadiostaionLaba2", "..\radiostation\Радіостанції\RadiostaionLaba2.csproj", "{1C5668CC-6172-4C20-B705-B2A49872D7F7}"
EndProject
Project("{FAE04EC0-301F-11D3-BF4B-00C04F79EFBC}") = "Radiostatiom", "..\..\Documents\Visual Studio 2013\Projects\RadiostationLaba2\Радіостанції\Radiostatiom.csproj", "{58B062CD-42D2-4B08-9576-617A535C4876}"
EndProject
Global
	GlobalSection(SolutionConfigurationPlatforms) = preSolution
		Debug|x86 = Debug|x86
		Release|x86 = Release|x86
	EndGlobalSection
	GlobalSection(ProjectConfigurationPlatforms) = postSolution
		{CF8DB904-A83F-4A4E-A3E1-0260C0E2842D}.Debug|x86.ActiveCfg = Debug|x86
		{CF8DB904-A83F-4A4E-A3E1-0260C0E2842D}.Debug|x86.Build.0 = Debug|x86
		{CF8DB904-A83F-4A4E-A3E1-0260C0E2842D}.Release|x86.ActiveCfg = Release|x86
		{CF8DB904-A83F-4A4E-A3E1-0260C0E2842D}.Release|x86.Build.0 = Release|x86
		{1C5668CC-6172-4C20-B705-B2A49872D7F7}.Debug|x86.ActiveCfg = Debug|x86
		{1C5668CC-6172-4C20-B705-B2A49872D7F7}.Debug|x86.Build.0 = Debug|x86
		{1C5668CC-6172-4C20-B705-B2A49872D7F7}.Release|x86.ActiveCfg = Release|x86
		{1C5668CC-6172-4C20-B705-B2A49872D7F7}.Release|x86.Build.0 = Release|x86
		{58B062CD-42D2-4B08-9576-617A535C4876}.Debug|x86.ActiveCfg = Debug|x86
		{58B062CD-42D2-4B08-9576-617A535C4876}.Debug|x86.Build.0 = Debug|x86
		{58B062CD-42D2-4B08-9576-617A535C4876}.Release|x86.ActiveCfg = Release|x86
		{58B062CD-42D2-4B08-9576-617A535C4876}.Release|x86.Build.0 = Release|x86
	EndGlobalSection
	GlobalSection(SolutionProperties) = preSolution
		HideSolutionNode = FALSE
	EndGlobalSection
EndGlobal
